
Microsoft Visual Studio Solution File, Format Version 12.00
# Visual Studio Version 17
VisualStudioVersion = 17.10.34928.147
MinimumVisualStudioVersion = 10.0.40219.1
Project("{FAE04EC0-301F-11D3-BF4B-00C04F79EFBC}") = "Hauptfenster", "Hauptfenster\Hauptfenster.csproj", "{BE92346C-F513-403A-95E2-A38B797D2462}"
EndProject
Global
	GlobalSection(SolutionConfigurationPlatforms) = preSolution
		Debug|Any CPU = Debug|Any CPU
		Release|Any CPU = Release|Any CPU
	EndGlobalSection
	GlobalSection(ProjectConfigurationPlatforms) = postSolution
		{BE92346C-F513-403A-95E2-A38B797D2462}.Debug|Any CPU.ActiveCfg = Debug|Any CPU
		{BE92346C-F513-403A-95E2-A38B797D2462}.Debug|Any CPU.Build.0 = Debug|Any CPU
		{BE92346C-F513-403A-95E2-A38B797D2462}.Release|Any CPU.ActiveCfg = Release|Any CPU
		{BE92346C-F513-403A-95E2-A38B797D2462}.Release|Any CPU.Build.0 = Release|Any CPU
	EndGlobalSection
	GlobalSection(SolutionProperties) = preSolution
		HideSolutionNode = FALSE
	EndGlobalSection
	GlobalSection(ExtensibilityGlobals) = postSolution
		SolutionGuid = {571F2F70-5B48-47F1-98FF-8195E3E6F0BB}
	EndGlobalSection
EndGlobal
