
Microsoft Visual Studio Solution File, Format Version 12.00
# Visual Studio Version 17
VisualStudioVersion = 17.4.33122.133
MinimumVisualStudioVersion = 10.0.40219.1
Project("{9A19103F-16F7-4668-BE54-9A1E7A4F7556}") = "SchiffeVersenken", "SchiffeVersenken\SchiffeVersenken.csproj", "{EE802CF7-1B21-471B-840A-B0974F21D134}"
EndProject
Global
	GlobalSection(SolutionConfigurationPlatforms) = preSolution
		Debug|Any CPU = Debug|Any CPU
		Release|Any CPU = Release|Any CPU
	EndGlobalSection
	GlobalSection(ProjectConfigurationPlatforms) = postSolution
		{EE802CF7-1B21-471B-840A-B0974F21D134}.Debug|Any CPU.ActiveCfg = Debug|Any CPU
		{EE802CF7-1B21-471B-840A-B0974F21D134}.Debug|Any CPU.Build.0 = Debug|Any CPU
		{EE802CF7-1B21-471B-840A-B0974F21D134}.Release|Any CPU.ActiveCfg = Release|Any CPU
		{EE802CF7-1B21-471B-840A-B0974F21D134}.Release|Any CPU.Build.0 = Release|Any CPU
	EndGlobalSection
	GlobalSection(SolutionProperties) = preSolution
		HideSolutionNode = FALSE
	EndGlobalSection
	GlobalSection(ExtensibilityGlobals) = postSolution
		SolutionGuid = {D3D375CB-5613-4529-8110-89A95A6DE55D}
	EndGlobalSection
EndGlobal
